
Microsoft Visual Studio Solution File, Format Version 12.00
# Visual Studio 15
VisualStudioVersion = 15.0.28010.2050
MinimumVisualStudioVersion = 10.0.40219.1
Project("{FAE04EC0-301F-11D3-BF4B-00C04F79EFBC}") = "CocktailApp.Android", "CocktailApp\CocktailApp.Android\CocktailApp.Android.csproj", "{057D1E6E-12EA-4253-8EDA-A9BF9ED36652}"
EndProject
Project("{FAE04EC0-301F-11D3-BF4B-00C04F79EFBC}") = "CocktailApp.iOS", "CocktailApp\CocktailApp.iOS\CocktailApp.iOS.csproj", "{CD30DA68-6FAE-4B40-83A3-A61D7EC20F0B}"
EndProject
Project("{FAE04EC0-301F-11D3-BF4B-00C04F79EFBC}") = "CocktailApp.UWP", "CocktailApp\CocktailApp.UWP\CocktailApp.UWP.csproj", "{0A87BF7F-7087-4C2E-BA74-87ED0BB74E22}"
EndProject
Project("{FAE04EC0-301F-11D3-BF4B-00C04F79EFBC}") = "CocktailApp", "CocktailApp\CocktailApp\CocktailApp.csproj", "{128C7CA1-68F4-4728-AE11-40448C978486}"
EndProject
Global
	GlobalSection(SolutionConfigurationPlatforms) = preSolution
		Ad-Hoc|Any CPU = Ad-Hoc|Any CPU
		Ad-Hoc|ARM = Ad-Hoc|ARM
		Ad-Hoc|iPhone = Ad-Hoc|iPhone
		Ad-Hoc|iPhoneSimulator = Ad-Hoc|iPhoneSimulator
		Ad-Hoc|x64 = Ad-Hoc|x64
		Ad-Hoc|x86 = Ad-Hoc|x86
		AppStore|Any CPU = AppStore|Any CPU
		AppStore|ARM = AppStore|ARM
		AppStore|iPhone = AppStore|iPhone
		AppStore|iPhoneSimulator = AppStore|iPhoneSimulator
		AppStore|x64 = AppStore|x64
		AppStore|x86 = AppStore|x86
		Debug|Any CPU = Debug|Any CPU
		Debug|ARM = Debug|ARM
		Debug|iPhone = Debug|iPhone
		Debug|iPhoneSimulator = Debug|iPhoneSimulator
		Debug|x64 = Debug|x64
		Debug|x86 = Debug|x86
		Release|Any CPU = Release|Any CPU
		Release|ARM = Release|ARM
		Release|iPhone = Release|iPhone
		Release|iPhoneSimulator = Release|iPhoneSimulator
		Release|x64 = Release|x64
		Release|x86 = Release|x86
	EndGlobalSection
	GlobalSection(ProjectConfigurationPlatforms) = postSolution
		{057D1E6E-12EA-4253-8EDA-A9BF9ED36652}.Ad-Hoc|Any CPU.ActiveCfg = Release|Any CPU
		{057D1E6E-12EA-4253-8EDA-A9BF9ED36652}.Ad-Hoc|Any CPU.Build.0 = Release|Any CPU
		{057D1E6E-12EA-4253-8EDA-A9BF9ED36652}.Ad-Hoc|Any CPU.Deploy.0 = Release|Any CPU
		{057D1E6E-12EA-4253-8EDA-A9BF9ED36652}.Ad-Hoc|ARM.ActiveCfg = Release|Any CPU
		{057D1E6E-12EA-4253-8EDA-A9BF9ED36652}.Ad-Hoc|ARM.Build.0 = Release|Any CPU
		{057D1E6E-12EA-4253-8EDA-A9BF9ED36652}.Ad-Hoc|ARM.Deploy.0 = Release|Any CPU
		{057D1E6E-12EA-4253-8EDA-A9BF9ED36652}.Ad-Hoc|iPhone.ActiveCfg = Release|Any CPU
		{057D1E6E-12EA-4253-8EDA-A9BF9ED36652}.Ad-Hoc|iPhone.Build.0 = Release|Any CPU
		{057D1E6E-12EA-4253-8EDA-A9BF9ED36652}.Ad-Hoc|iPhone.Deploy.0 = Release|Any CPU
		{057D1E6E-12EA-4253-8EDA-A9BF9ED36652}.Ad-Hoc|iPhoneSimulator.ActiveCfg = Release|Any CPU
		{057D1E6E-12EA-4253-8EDA-A9BF9ED36652}.Ad-Hoc|iPhoneSimulator.Build.0 = Release|Any CPU
		{057D1E6E-12EA-4253-8EDA-A9BF9ED36652}.Ad-Hoc|iPhoneSimulator.Deploy.0 = Release|Any CPU
		{057D1E6E-12EA-4253-8EDA-A9BF9ED36652}.Ad-Hoc|x64.ActiveCfg = Release|Any CPU
		{057D1E6E-12EA-4253-8EDA-A9BF9ED36652}.Ad-Hoc|x64.Build.0 = Release|Any CPU
		{057D1E6E-12EA-4253-8EDA-A9BF9ED36652}.Ad-Hoc|x64.Deploy.0 = Release|Any CPU
		{057D1E6E-12EA-4253-8EDA-A9BF9ED36652}.Ad-Hoc|x86.ActiveCfg = Release|Any CPU
		{057D1E6E-12EA-4253-8EDA-A9BF9ED36652}.Ad-Hoc|x86.Build.0 = Release|Any CPU
		{057D1E6E-12EA-4253-8EDA-A9BF9ED36652}.Ad-Hoc|x86.Deploy.0 = Release|Any CPU
		{057D1E6E-12EA-4253-8EDA-A9BF9ED36652}.AppStore|Any CPU.ActiveCfg = Release|Any CPU
		{057D1E6E-12EA-4253-8EDA-A9BF9ED36652}.AppStore|Any CPU.Build.0 = Release|Any CPU
		{057D1E6E-12EA-4253-8EDA-A9BF9ED36652}.AppStore|Any CPU.Deploy.0 = Release|Any CPU
		{057D1E6E-12EA-4253-8EDA-A9BF9ED36652}.AppStore|ARM.ActiveCfg = Release|Any CPU
		{057D1E6E-12EA-4253-8EDA-A9BF9ED36652}.AppStore|ARM.Build.0 = Release|Any CPU
		{057D1E6E-12EA-4253-8EDA-A9BF9ED36652}.AppStore|ARM.Deploy.0 = Release|Any CPU
		{057D1E6E-12EA-4253-8EDA-A9BF9ED36652}.AppStore|iPhone.ActiveCfg = Release|Any CPU
		{057D1E6E-12EA-4253-8EDA-A9BF9ED36652}.AppStore|iPhone.Build.0 = Release|Any CPU
		{057D1E6E-12EA-4253-8EDA-A9BF9ED36652}.AppStore|iPhone.Deploy.0 = Release|Any CPU
		{057D1E6E-12EA-4253-8EDA-A9BF9ED36652}.AppStore|iPhoneSimulator.ActiveCfg = Release|Any CPU
		{057D1E6E-12EA-4253-8EDA-A9BF9ED36652}.AppStore|iPhoneSimulator.Build.0 = Release|Any CPU
		{057D1E6E-12EA-4253-8EDA-A9BF9ED36652}.AppStore|iPhoneSimulator.Deploy.0 = Release|Any CPU
		{057D1E6E-12EA-4253-8EDA-A9BF9ED36652}.AppStore|x64.ActiveCfg = Release|Any CPU
		{057D1E6E-12EA-4253-8EDA-A9BF9ED36652}.AppStore|x64.Build.0 = Release|Any CPU
		{057D1E6E-12EA-4253-8EDA-A9BF9ED36652}.AppStore|x64.Deploy.0 = Release|Any CPU
		{057D1E6E-12EA-4253-8EDA-A9BF9ED36652}.AppStore|x86.ActiveCfg = Release|Any CPU
		{057D1E6E-12EA-4253-8EDA-A9BF9ED36652}.AppStore|x86.Build.0 = Release|Any CPU
		{057D1E6E-12EA-4253-8EDA-A9BF9ED36652}.AppStore|x86.Deploy.0 = Release|Any CPU
		{057D1E6E-12EA-4253-8EDA-A9BF9ED36652}.Debug|Any CPU.ActiveCfg = Debug|Any CPU
		{057D1E6E-12EA-4253-8EDA-A9BF9ED36652}.Debug|Any CPU.Build.0 = Debug|Any CPU
		{057D1E6E-12EA-4253-8EDA-A9BF9ED36652}.Debug|Any CPU.Deploy.0 = Debug|Any CPU
		{057D1E6E-12EA-4253-8EDA-A9BF9ED36652}.Debug|ARM.ActiveCfg = Debug|Any CPU
		{057D1E6E-12EA-4253-8EDA-A9BF9ED36652}.Debug|ARM.Build.0 = Debug|Any CPU
		{057D1E6E-12EA-4253-8EDA-A9BF9ED36652}.Debug|ARM.Deploy.0 = Debug|Any CPU
		{057D1E6E-12EA-4253-8EDA-A9BF9ED36652}.Debug|iPhone.ActiveCfg = Debug|Any CPU
		{057D1E6E-12EA-4253-8EDA-A9BF9ED36652}.Debug|iPhone.Build.0 = Debug|Any CPU
		{057D1E6E-12EA-4253-8EDA-A9BF9ED36652}.Debug|iPhone.Deploy.0 = Debug|Any CPU
		{057D1E6E-12EA-4253-8EDA-A9BF9ED36652}.Debug|iPhoneSimulator.ActiveCfg = Debug|Any CPU
		{057D1E6E-12EA-4253-8EDA-A9BF9ED36652}.Debug|iPhoneSimulator.Build.0 = Debug|Any CPU
		{057D1E6E-12EA-4253-8EDA-A9BF9ED36652}.Debug|iPhoneSimulator.Deploy.0 = Debug|Any CPU
		{057D1E6E-12EA-4253-8EDA-A9BF9ED36652}.Debug|x64.ActiveCfg = Debug|Any CPU
		{057D1E6E-12EA-4253-8EDA-A9BF9ED36652}.Debug|x64.Build.0 = Debug|Any CPU
		{057D1E6E-12EA-4253-8EDA-A9BF9ED36652}.Debug|x64.Deploy.0 = Debug|Any CPU
		{057D1E6E-12EA-4253-8EDA-A9BF9ED36652}.Debug|x86.ActiveCfg = Debug|Any CPU
		{057D1E6E-12EA-4253-8EDA-A9BF9ED36652}.Debug|x86.Build.0 = Debug|Any CPU
		{057D1E6E-12EA-4253-8EDA-A9BF9ED36652}.Debug|x86.Deploy.0 = Debug|Any CPU
		{057D1E6E-12EA-4253-8EDA-A9BF9ED36652}.Release|Any CPU.ActiveCfg = Release|Any CPU
		{057D1E6E-12EA-4253-8EDA-A9BF9ED36652}.Release|Any CPU.Build.0 = Release|Any CPU
		{057D1E6E-12EA-4253-8EDA-A9BF9ED36652}.Release|Any CPU.Deploy.0 = Release|Any CPU
		{057D1E6E-12EA-4253-8EDA-A9BF9ED36652}.Release|ARM.ActiveCfg = Release|Any CPU
		{057D1E6E-12EA-4253-8EDA-A9BF9ED36652}.Release|ARM.Build.0 = Release|Any CPU
		{057D1E6E-12EA-4253-8EDA-A9BF9ED36652}.Release|ARM.Deploy.0 = Release|Any CPU
		{057D1E6E-12EA-4253-8EDA-A9BF9ED36652}.Release|iPhone.ActiveCfg = Release|Any CPU
		{057D1E6E-12EA-4253-8EDA-A9BF9ED36652}.Release|iPhone.Build.0 = Release|Any CPU
		{057D1E6E-12EA-4253-8EDA-A9BF9ED36652}.Release|iPhone.Deploy.0 = Release|Any CPU
		{057D1E6E-12EA-4253-8EDA-A9BF9ED36652}.Release|iPhoneSimulator.ActiveCfg = Release|Any CPU
		{057D1E6E-12EA-4253-8EDA-A9BF9ED36652}.Release|iPhoneSimulator.Build.0 = Release|Any CPU
		{057D1E6E-12EA-4253-8EDA-A9BF9ED36652}.Release|iPhoneSimulator.Deploy.0 = Release|Any CPU
		{057D1E6E-12EA-4253-8EDA-A9BF9ED36652}.Release|x64.ActiveCfg = Release|Any CPU
		{057D1E6E-12EA-4253-8EDA-A9BF9ED36652}.Release|x64.Build.0 = Release|Any CPU
		{057D1E6E-12EA-4253-8EDA-A9BF9ED36652}.Release|x64.Deploy.0 = Release|Any CPU
		{057D1E6E-12EA-4253-8EDA-A9BF9ED36652}.Release|x86.ActiveCfg = Release|Any CPU
		{057D1E6E-12EA-4253-8EDA-A9BF9ED36652}.Release|x86.Build.0 = Release|Any CPU
		{057D1E6E-12EA-4253-8EDA-A9BF9ED36652}.Release|x86.Deploy.0 = Release|Any CPU
		{CD30DA68-6FAE-4B40-83A3-A61D7EC20F0B}.Ad-Hoc|Any CPU.ActiveCfg = Ad-Hoc|iPhone
		{CD30DA68-6FAE-4B40-83A3-A61D7EC20F0B}.Ad-Hoc|Any CPU.Build.0 = Ad-Hoc|iPhone
		{CD30DA68-6FAE-4B40-83A3-A61D7EC20F0B}.Ad-Hoc|Any CPU.Deploy.0 = Ad-Hoc|iPhone
		{CD30DA68-6FAE-4B40-83A3-A61D7EC20F0B}.Ad-Hoc|ARM.ActiveCfg = Ad-Hoc|iPhone
		{CD30DA68-6FAE-4B40-83A3-A61D7EC20F0B}.Ad-Hoc|ARM.Build.0 = Ad-Hoc|iPhone
		{CD30DA68-6FAE-4B40-83A3-A61D7EC20F0B}.Ad-Hoc|ARM.Deploy.0 = Ad-Hoc|iPhone
		{CD30DA68-6FAE-4B40-83A3-A61D7EC20F0B}.Ad-Hoc|iPhone.ActiveCfg = Ad-Hoc|iPhone
		{CD30DA68-6FAE-4B40-83A3-A61D7EC20F0B}.Ad-Hoc|iPhone.Build.0 = Ad-Hoc|iPhone
		{CD30DA68-6FAE-4B40-83A3-A61D7EC20F0B}.Ad-Hoc|iPhone.Deploy.0 = Ad-Hoc|iPhone
		{CD30DA68-6FAE-4B40-83A3-A61D7EC20F0B}.Ad-Hoc|iPhoneSimulator.ActiveCfg = Ad-Hoc|iPhoneSimulator
		{CD30DA68-6FAE-4B40-83A3-A61D7EC20F0B}.Ad-Hoc|iPhoneSimulator.Build.0 = Ad-Hoc|iPhoneSimulator
		{CD30DA68-6FAE-4B40-83A3-A61D7EC20F0B}.Ad-Hoc|iPhoneSimulator.Deploy.0 = Ad-Hoc|iPhoneSimulator
		{CD30DA68-6FAE-4B40-83A3-A61D7EC20F0B}.Ad-Hoc|x64.ActiveCfg = Ad-Hoc|iPhone
		{CD30DA68-6FAE-4B40-83A3-A61D7EC20F0B}.Ad-Hoc|x64.Build.0 = Ad-Hoc|iPhone
		{CD30DA68-6FAE-4B40-83A3-A61D7EC20F0B}.Ad-Hoc|x64.Deploy.0 = Ad-Hoc|iPhone
		{CD30DA68-6FAE-4B40-83A3-A61D7EC20F0B}.Ad-Hoc|x86.ActiveCfg = Ad-Hoc|iPhone
		{CD30DA68-6FAE-4B40-83A3-A61D7EC20F0B}.Ad-Hoc|x86.Build.0 = Ad-Hoc|iPhone
		{CD30DA68-6FAE-4B40-83A3-A61D7EC20F0B}.Ad-Hoc|x86.Deploy.0 = Ad-Hoc|iPhone
		{CD30DA68-6FAE-4B40-83A3-A61D7EC20F0B}.AppStore|Any CPU.ActiveCfg = AppStore|iPhone
		{CD30DA68-6FAE-4B40-83A3-A61D7EC20F0B}.AppStore|Any CPU.Build.0 = AppStore|iPhone
		{CD30DA68-6FAE-4B40-83A3-A61D7EC20F0B}.AppStore|Any CPU.Deploy.0 = AppStore|iPhone
		{CD30DA68-6FAE-4B40-83A3-A61D7EC20F0B}.AppStore|ARM.ActiveCfg = AppStore|iPhone
		{CD30DA68-6FAE-4B40-83A3-A61D7EC20F0B}.AppStore|ARM.Build.0 = AppStore|iPhone
		{CD30DA68-6FAE-4B40-83A3-A61D7EC20F0B}.AppStore|ARM.Deploy.0 = AppStore|iPhone
		{CD30DA68-6FAE-4B40-83A3-A61D7EC20F0B}.AppStore|iPhone.ActiveCfg = AppStore|iPhone
		{CD30DA68-6FAE-4B40-83A3-A61D7EC20F0B}.AppStore|iPhone.Build.0 = AppStore|iPhone
		{CD30DA68-6FAE-4B40-83A3-A61D7EC20F0B}.AppStore|iPhone.Deploy.0 = AppStore|iPhone
		{CD30DA68-6FAE-4B40-83A3-A61D7EC20F0B}.AppStore|iPhoneSimulator.ActiveCfg = AppStore|iPhoneSimulator
		{CD30DA68-6FAE-4B40-83A3-A61D7EC20F0B}.AppStore|iPhoneSimulator.Build.0 = AppStore|iPhoneSimulator
		{CD30DA68-6FAE-4B40-83A3-A61D7EC20F0B}.AppStore|iPhoneSimulator.Deploy.0 = AppStore|iPhoneSimulator
		{CD30DA68-6FAE-4B40-83A3-A61D7EC20F0B}.AppStore|x64.ActiveCfg = AppStore|iPhone
		{CD30DA68-6FAE-4B40-83A3-A61D7EC20F0B}.AppStore|x64.Build.0 = AppStore|iPhone
		{CD30DA68-6FAE-4B40-83A3-A61D7EC20F0B}.AppStore|x64.Deploy.0 = AppStore|iPhone
		{CD30DA68-6FAE-4B40-83A3-A61D7EC20F0B}.AppStore|x86.ActiveCfg = AppStore|iPhone
		{CD30DA68-6FAE-4B40-83A3-A61D7EC20F0B}.AppStore|x86.Build.0 = AppStore|iPhone
		{CD30DA68-6FAE-4B40-83A3-A61D7EC20F0B}.AppStore|x86.Deploy.0 = AppStore|iPhone
		{CD30DA68-6FAE-4B40-83A3-A61D7EC20F0B}.Debug|Any CPU.ActiveCfg = Debug|iPhoneSimulator
		{CD30DA68-6FAE-4B40-83A3-A61D7EC20F0B}.Debug|Any CPU.Build.0 = Debug|iPhoneSimulator
		{CD30DA68-6FAE-4B40-83A3-A61D7EC20F0B}.Debug|Any CPU.Deploy.0 = Debug|iPhoneSimulator
		{CD30DA68-6FAE-4B40-83A3-A61D7EC20F0B}.Debug|ARM.ActiveCfg = Debug|iPhone
		{CD30DA68-6FAE-4B40-83A3-A61D7EC20F0B}.Debug|ARM.Build.0 = Debug|iPhone
		{CD30DA68-6FAE-4B40-83A3-A61D7EC20F0B}.Debug|ARM.Deploy.0 = Debug|iPhone
		{CD30DA68-6FAE-4B40-83A3-A61D7EC20F0B}.Debug|iPhone.ActiveCfg = Debug|iPhone
		{CD30DA68-6FAE-4B40-83A3-A61D7EC20F0B}.Debug|iPhone.Build.0 = Debug|iPhone
		{CD30DA68-6FAE-4B40-83A3-A61D7EC20F0B}.Debug|iPhone.Deploy.0 = Debug|iPhone
		{CD30DA68-6FAE-4B40-83A3-A61D7EC20F0B}.Debug|iPhoneSimulator.ActiveCfg = Debug|iPhoneSimulator
		{CD30DA68-6FAE-4B40-83A3-A61D7EC20F0B}.Debug|iPhoneSimulator.Build.0 = Debug|iPhoneSimulator
		{CD30DA68-6FAE-4B40-83A3-A61D7EC20F0B}.Debug|iPhoneSimulator.Deploy.0 = Debug|iPhoneSimulator
		{CD30DA68-6FAE-4B40-83A3-A61D7EC20F0B}.Debug|x64.ActiveCfg = Debug|iPhone
		{CD30DA68-6FAE-4B40-83A3-A61D7EC20F0B}.Debug|x64.Build.0 = Debug|iPhone
		{CD30DA68-6FAE-4B40-83A3-A61D7EC20F0B}.Debug|x64.Deploy.0 = Debug|iPhone
		{CD30DA68-6FAE-4B40-83A3-A61D7EC20F0B}.Debug|x86.ActiveCfg = Debug|iPhone
		{CD30DA68-6FAE-4B40-83A3-A61D7EC20F0B}.Debug|x86.Build.0 = Debug|iPhone
		{CD30DA68-6FAE-4B40-83A3-A61D7EC20F0B}.Debug|x86.Deploy.0 = Debug|iPhone
		{CD30DA68-6FAE-4B40-83A3-A61D7EC20F0B}.Release|Any CPU.ActiveCfg = Release|iPhone
		{CD30DA68-6FAE-4B40-83A3-A61D7EC20F0B}.Release|Any CPU.Build.0 = Release|iPhone
		{CD30DA68-6FAE-4B40-83A3-A61D7EC20F0B}.Release|Any CPU.Deploy.0 = Release|iPhone
		{CD30DA68-6FAE-4B40-83A3-A61D7EC20F0B}.Release|ARM.ActiveCfg = Release|iPhone
		{CD30DA68-6FAE-4B40-83A3-A61D7EC20F0B}.Release|ARM.Build.0 = Release|iPhone
		{CD30DA68-6FAE-4B40-83A3-A61D7EC20F0B}.Release|ARM.Deploy.0 = Release|iPhone
		{CD30DA68-6FAE-4B40-83A3-A61D7EC20F0B}.Release|iPhone.ActiveCfg = Release|iPhone
		{CD30DA68-6FAE-4B40-83A3-A61D7EC20F0B}.Release|iPhone.Build.0 = Release|iPhone
		{CD30DA68-6FAE-4B40-83A3-A61D7EC20F0B}.Release|iPhone.Deploy.0 = Release|iPhone
		{CD30DA68-6FAE-4B40-83A3-A61D7EC20F0B}.Release|iPhoneSimulator.ActiveCfg = Release|iPhoneSimulator
		{CD30DA68-6FAE-4B40-83A3-A61D7EC20F0B}.Release|iPhoneSimulator.Build.0 = Release|iPhoneSimulator
		{CD30DA68-6FAE-4B40-83A3-A61D7EC20F0B}.Release|iPhoneSimulator.Deploy.0 = Release|iPhoneSimulator
		{CD30DA68-6FAE-4B40-83A3-A61D7EC20F0B}.Release|x64.ActiveCfg = Release|iPhone
		{CD30DA68-6FAE-4B40-83A3-A61D7EC20F0B}.Release|x64.Build.0 = Release|iPhone
		{CD30DA68-6FAE-4B40-83A3-A61D7EC20F0B}.Release|x64.Deploy.0 = Release|iPhone
		{CD30DA68-6FAE-4B40-83A3-A61D7EC20F0B}.Release|x86.ActiveCfg = Release|iPhone
		{CD30DA68-6FAE-4B40-83A3-A61D7EC20F0B}.Release|x86.Build.0 = Release|iPhone
		{CD30DA68-6FAE-4B40-83A3-A61D7EC20F0B}.Release|x86.Deploy.0 = Release|iPhone
		{0A87BF7F-7087-4C2E-BA74-87ED0BB74E22}.Ad-Hoc|Any CPU.ActiveCfg = Release|x86
		{0A87BF7F-7087-4C2E-BA74-87ED0BB74E22}.Ad-Hoc|Any CPU.Build.0 = Release|x86
		{0A87BF7F-7087-4C2E-BA74-87ED0BB74E22}.Ad-Hoc|Any CPU.Deploy.0 = Release|x86
		{0A87BF7F-7087-4C2E-BA74-87ED0BB74E22}.Ad-Hoc|ARM.ActiveCfg = Release|ARM
		{0A87BF7F-7087-4C2E-BA74-87ED0BB74E22}.Ad-Hoc|ARM.Build.0 = Release|ARM
		{0A87BF7F-7087-4C2E-BA74-87ED0BB74E22}.Ad-Hoc|ARM.Deploy.0 = Release|ARM
		{0A87BF7F-7087-4C2E-BA74-87ED0BB74E22}.Ad-Hoc|iPhone.ActiveCfg = Release|x86
		{0A87BF7F-7087-4C2E-BA74-87ED0BB74E22}.Ad-Hoc|iPhone.Build.0 = Release|x86
		{0A87BF7F-7087-4C2E-BA74-87ED0BB74E22}.Ad-Hoc|iPhone.Deploy.0 = Release|x86
		{0A87BF7F-7087-4C2E-BA74-87ED0BB74E22}.Ad-Hoc|iPhoneSimulator.ActiveCfg = Release|x86
		{0A87BF7F-7087-4C2E-BA74-87ED0BB74E22}.Ad-Hoc|iPhoneSimulator.Build.0 = Release|x86
		{0A87BF7F-7087-4C2E-BA74-87ED0BB74E22}.Ad-Hoc|iPhoneSimulator.Deploy.0 = Release|x86
		{0A87BF7F-7087-4C2E-BA74-87ED0BB74E22}.Ad-Hoc|x64.ActiveCfg = Release|x64
		{0A87BF7F-7087-4C2E-BA74-87ED0BB74E22}.Ad-Hoc|x64.Build.0 = Release|x64
		{0A87BF7F-7087-4C2E-BA74-87ED0BB74E22}.Ad-Hoc|x64.Deploy.0 = Release|x64
		{0A87BF7F-7087-4C2E-BA74-87ED0BB74E22}.Ad-Hoc|x86.ActiveCfg = Release|x86
		{0A87BF7F-7087-4C2E-BA74-87ED0BB74E22}.Ad-Hoc|x86.Build.0 = Release|x86
		{0A87BF7F-7087-4C2E-BA74-87ED0BB74E22}.Ad-Hoc|x86.Deploy.0 = Release|x86
		{0A87BF7F-7087-4C2E-BA74-87ED0BB74E22}.AppStore|Any CPU.ActiveCfg = Release|x86
		{0A87BF7F-7087-4C2E-BA74-87ED0BB74E22}.AppStore|Any CPU.Build.0 = Release|x86
		{0A87BF7F-7087-4C2E-BA74-87ED0BB74E22}.AppStore|Any CPU.Deploy.0 = Release|x86
		{0A87BF7F-7087-4C2E-BA74-87ED0BB74E22}.AppStore|ARM.ActiveCfg = Release|ARM
		{0A87BF7F-7087-4C2E-BA74-87ED0BB74E22}.AppStore|ARM.Build.0 = Release|ARM
		{0A87BF7F-7087-4C2E-BA74-87ED0BB74E22}.AppStore|ARM.Deploy.0 = Release|ARM
		{0A87BF7F-7087-4C2E-BA74-87ED0BB74E22}.AppStore|iPhone.ActiveCfg = Release|x86
		{0A87BF7F-7087-4C2E-BA74-87ED0BB74E22}.AppStore|iPhone.Build.0 = Release|x86
		{0A87BF7F-7087-4C2E-BA74-87ED0BB74E22}.AppStore|iPhone.Deploy.0 = Release|x86
		{0A87BF7F-7087-4C2E-BA74-87ED0BB74E22}.AppStore|iPhoneSimulator.ActiveCfg = Release|x86
		{0A87BF7F-7087-4C2E-BA74-87ED0BB74E22}.AppStore|iPhoneSimulator.Build.0 = Release|x86
		{0A87BF7F-7087-4C2E-BA74-87ED0BB74E22}.AppStore|iPhoneSimulator.Deploy.0 = Release|x86
		{0A87BF7F-7087-4C2E-BA74-87ED0BB74E22}.AppStore|x64.ActiveCfg = Release|x64
		{0A87BF7F-7087-4C2E-BA74-87ED0BB74E22}.AppStore|x64.Build.0 = Release|x64
		{0A87BF7F-7087-4C2E-BA74-87ED0BB74E22}.AppStore|x64.Deploy.0 = Release|x64
		{0A87BF7F-7087-4C2E-BA74-87ED0BB74E22}.AppStore|x86.ActiveCfg = Release|x86
		{0A87BF7F-7087-4C2E-BA74-87ED0BB74E22}.AppStore|x86.Build.0 = Release|x86
		{0A87BF7F-7087-4C2E-BA74-87ED0BB74E22}.AppStore|x86.Deploy.0 = Release|x86
		{0A87BF7F-7087-4C2E-BA74-87ED0BB74E22}.Debug|Any CPU.ActiveCfg = Debug|x86
		{0A87BF7F-7087-4C2E-BA74-87ED0BB74E22}.Debug|Any CPU.Build.0 = Debug|x86
		{0A87BF7F-7087-4C2E-BA74-87ED0BB74E22}.Debug|Any CPU.Deploy.0 = Debug|x86
		{0A87BF7F-7087-4C2E-BA74-87ED0BB74E22}.Debug|ARM.ActiveCfg = Debug|ARM
		{0A87BF7F-7087-4C2E-BA74-87ED0BB74E22}.Debug|ARM.Build.0 = Debug|ARM
		{0A87BF7F-7087-4C2E-BA74-87ED0BB74E22}.Debug|ARM.Deploy.0 = Debug|ARM
		{0A87BF7F-7087-4C2E-BA74-87ED0BB74E22}.Debug|iPhone.ActiveCfg = Debug|x86
		{0A87BF7F-7087-4C2E-BA74-87ED0BB74E22}.Debug|iPhone.Build.0 = Debug|x86
		{0A87BF7F-7087-4C2E-BA74-87ED0BB74E22}.Debug|iPhone.Deploy.0 = Debug|x86
		{0A87BF7F-7087-4C2E-BA74-87ED0BB74E22}.Debug|iPhoneSimulator.ActiveCfg = Debug|x86
		{0A87BF7F-7087-4C2E-BA74-87ED0BB74E22}.Debug|iPhoneSimulator.Build.0 = Debug|x86
		{0A87BF7F-7087-4C2E-BA74-87ED0BB74E22}.Debug|iPhoneSimulator.Deploy.0 = Debug|x86
		{0A87BF7F-7087-4C2E-BA74-87ED0BB74E22}.Debug|x64.ActiveCfg = Debug|x64
		{0A87BF7F-7087-4C2E-BA74-87ED0BB74E22}.Debug|x64.Build.0 = Debug|x64
		{0A87BF7F-7087-4C2E-BA74-87ED0BB74E22}.Debug|x64.Deploy.0 = Debug|x64
		{0A87BF7F-7087-4C2E-BA74-87ED0BB74E22}.Debug|x86.ActiveCfg = Debug|x86
		{0A87BF7F-7087-4C2E-BA74-87ED0BB74E22}.Debug|x86.Build.0 = Debug|x86
		{0A87BF7F-7087-4C2E-BA74-87ED0BB74E22}.Debug|x86.Deploy.0 = Debug|x86
		{0A87BF7F-7087-4C2E-BA74-87ED0BB74E22}.Release|Any CPU.ActiveCfg = Release|x86
		{0A87BF7F-7087-4C2E-BA74-87ED0BB74E22}.Release|Any CPU.Build.0 = Release|x86
		{0A87BF7F-7087-4C2E-BA74-87ED0BB74E22}.Release|Any CPU.Deploy.0 = Release|x86
		{0A87BF7F-7087-4C2E-BA74-87ED0BB74E22}.Release|ARM.ActiveCfg = Release|ARM
		{0A87BF7F-7087-4C2E-BA74-87ED0BB74E22}.Release|ARM.Build.0 = Release|ARM
		{0A87BF7F-7087-4C2E-BA74-87ED0BB74E22}.Release|ARM.Deploy.0 = Release|ARM
		{0A87BF7F-7087-4C2E-BA74-87ED0BB74E22}.Release|iPhone.ActiveCfg = Release|x86
		{0A87BF7F-7087-4C2E-BA74-87ED0BB74E22}.Release|iPhone.Build.0 = Release|x86
		{0A87BF7F-7087-4C2E-BA74-87ED0BB74E22}.Release|iPhone.Deploy.0 = Release|x86
		{0A87BF7F-7087-4C2E-BA74-87ED0BB74E22}.Release|iPhoneSimulator.ActiveCfg = Release|x86
		{0A87BF7F-7087-4C2E-BA74-87ED0BB74E22}.Release|iPhoneSimulator.Build.0 = Release|x86
		{0A87BF7F-7087-4C2E-BA74-87ED0BB74E22}.Release|iPhoneSimulator.Deploy.0 = Release|x86
		{0A87BF7F-7087-4C2E-BA74-87ED0BB74E22}.Release|x64.ActiveCfg = Release|x64
		{0A87BF7F-7087-4C2E-BA74-87ED0BB74E22}.Release|x64.Build.0 = Release|x64
		{0A87BF7F-7087-4C2E-BA74-87ED0BB74E22}.Release|x64.Deploy.0 = Release|x64
		{0A87BF7F-7087-4C2E-BA74-87ED0BB74E22}.Release|x86.ActiveCfg = Release|x86
		{0A87BF7F-7087-4C2E-BA74-87ED0BB74E22}.Release|x86.Build.0 = Release|x86
		{0A87BF7F-7087-4C2E-BA74-87ED0BB74E22}.Release|x86.Deploy.0 = Release|x86
		{128C7CA1-68F4-4728-AE11-40448C978486}.Ad-Hoc|Any CPU.ActiveCfg = Debug|Any CPU
		{128C7CA1-68F4-4728-AE11-40448C978486}.Ad-Hoc|Any CPU.Build.0 = Debug|Any CPU
		{128C7CA1-68F4-4728-AE11-40448C978486}.Ad-Hoc|Any CPU.Deploy.0 = Debug|Any CPU
		{128C7CA1-68F4-4728-AE11-40448C978486}.Ad-Hoc|ARM.ActiveCfg = Debug|Any CPU
		{128C7CA1-68F4-4728-AE11-40448C978486}.Ad-Hoc|ARM.Build.0 = Debug|Any CPU
		{128C7CA1-68F4-4728-AE11-40448C978486}.Ad-Hoc|ARM.Deploy.0 = Debug|Any CPU
		{128C7CA1-68F4-4728-AE11-40448C978486}.Ad-Hoc|iPhone.ActiveCfg = Debug|Any CPU
		{128C7CA1-68F4-4728-AE11-40448C978486}.Ad-Hoc|iPhone.Build.0 = Debug|Any CPU
		{128C7CA1-68F4-4728-AE11-40448C978486}.Ad-Hoc|iPhone.Deploy.0 = Debug|Any CPU
		{128C7CA1-68F4-4728-AE11-40448C978486}.Ad-Hoc|iPhoneSimulator.ActiveCfg = Debug|Any CPU
		{128C7CA1-68F4-4728-AE11-40448C978486}.Ad-Hoc|iPhoneSimulator.Build.0 = Debug|Any CPU
		{128C7CA1-68F4-4728-AE11-40448C978486}.Ad-Hoc|iPhoneSimulator.Deploy.0 = Debug|Any CPU
		{128C7CA1-68F4-4728-AE11-40448C978486}.Ad-Hoc|x64.ActiveCfg = Debug|Any CPU
		{128C7CA1-68F4-4728-AE11-40448C978486}.Ad-Hoc|x64.Build.0 = Debug|Any CPU
		{128C7CA1-68F4-4728-AE11-40448C978486}.Ad-Hoc|x64.Deploy.0 = Debug|Any CPU
		{128C7CA1-68F4-4728-AE11-40448C978486}.Ad-Hoc|x86.ActiveCfg = Debug|Any CPU
		{128C7CA1-68F4-4728-AE11-40448C978486}.Ad-Hoc|x86.Build.0 = Debug|Any CPU
		{128C7CA1-68F4-4728-AE11-40448C978486}.Ad-Hoc|x86.Deploy.0 = Debug|Any CPU
		{128C7CA1-68F4-4728-AE11-40448C978486}.AppStore|Any CPU.ActiveCfg = Debug|Any CPU
		{128C7CA1-68F4-4728-AE11-40448C978486}.AppStore|Any CPU.Build.0 = Debug|Any CPU
		{128C7CA1-68F4-4728-AE11-40448C978486}.AppStore|Any CPU.Deploy.0 = Debug|Any CPU
		{128C7CA1-68F4-4728-AE11-40448C978486}.AppStore|ARM.ActiveCfg = Debug|Any CPU
		{128C7CA1-68F4-4728-AE11-40448C978486}.AppStore|ARM.Build.0 = Debug|Any CPU
		{128C7CA1-68F4-4728-AE11-40448C978486}.AppStore|ARM.Deploy.0 = Debug|Any CPU
		{128C7CA1-68F4-4728-AE11-40448C978486}.AppStore|iPhone.ActiveCfg = Debug|Any CPU
		{128C7CA1-68F4-4728-AE11-40448C978486}.AppStore|iPhone.Build.0 = Debug|Any CPU
		{128C7CA1-68F4-4728-AE11-40448C978486}.AppStore|iPhone.Deploy.0 = Debug|Any CPU
		{128C7CA1-68F4-4728-AE11-40448C978486}.AppStore|iPhoneSimulator.ActiveCfg = Debug|Any CPU
		{128C7CA1-68F4-4728-AE11-40448C978486}.AppStore|iPhoneSimulator.Build.0 = Debug|Any CPU
		{128C7CA1-68F4-4728-AE11-40448C978486}.AppStore|iPhoneSimulator.Deploy.0 = Debug|Any CPU
		{128C7CA1-68F4-4728-AE11-40448C978486}.AppStore|x64.ActiveCfg = Debug|Any CPU
		{128C7CA1-68F4-4728-AE11-40448C978486}.AppStore|x64.Build.0 = Debug|Any CPU
		{128C7CA1-68F4-4728-AE11-40448C978486}.AppStore|x64.Deploy.0 = Debug|Any CPU
		{128C7CA1-68F4-4728-AE11-40448C978486}.AppStore|x86.ActiveCfg = Debug|Any CPU
		{128C7CA1-68F4-4728-AE11-40448C978486}.AppStore|x86.Build.0 = Debug|Any CPU
		{128C7CA1-68F4-4728-AE11-40448C978486}.AppStore|x86.Deploy.0 = Debug|Any CPU
		{128C7CA1-68F4-4728-AE11-40448C978486}.Debug|Any CPU.ActiveCfg = Debug|Any CPU
		{128C7CA1-68F4-4728-AE11-40448C978486}.Debug|Any CPU.Build.0 = Debug|Any CPU
		{128C7CA1-68F4-4728-AE11-40448C978486}.Debug|Any CPU.Deploy.0 = Debug|Any CPU
		{128C7CA1-68F4-4728-AE11-40448C978486}.Debug|ARM.ActiveCfg = Debug|Any CPU
		{128C7CA1-68F4-4728-AE11-40448C978486}.Debug|ARM.Build.0 = Debug|Any CPU
		{128C7CA1-68F4-4728-AE11-40448C978486}.Debug|ARM.Deploy.0 = Debug|Any CPU
		{128C7CA1-68F4-4728-AE11-40448C978486}.Debug|iPhone.ActiveCfg = Debug|Any CPU
		{128C7CA1-68F4-4728-AE11-40448C978486}.Debug|iPhone.Build.0 = Debug|Any CPU
		{128C7CA1-68F4-4728-AE11-40448C978486}.Debug|iPhone.Deploy.0 = Debug|Any CPU
		{128C7CA1-68F4-4728-AE11-40448C978486}.Debug|iPhoneSimulator.ActiveCfg = Debug|Any CPU
		{128C7CA1-68F4-4728-AE11-40448C978486}.Debug|iPhoneSimulator.Build.0 = Debug|Any CPU
		{128C7CA1-68F4-4728-AE11-40448C978486}.Debug|iPhoneSimulator.Deploy.0 = Debug|Any CPU
		{128C7CA1-68F4-4728-AE11-40448C978486}.Debug|x64.ActiveCfg = Debug|Any CPU
		{128C7CA1-68F4-4728-AE11-40448C978486}.Debug|x64.Build.0 = Debug|Any CPU
		{128C7CA1-68F4-4728-AE11-40448C978486}.Debug|x64.Deploy.0 = Debug|Any CPU
		{128C7CA1-68F4-4728-AE11-40448C978486}.Debug|x86.ActiveCfg = Debug|Any CPU
		{128C7CA1-68F4-4728-AE11-40448C978486}.Debug|x86.Build.0 = Debug|Any CPU
		{128C7CA1-68F4-4728-AE11-40448C978486}.Debug|x86.Deploy.0 = Debug|Any CPU
		{128C7CA1-68F4-4728-AE11-40448C978486}.Release|Any CPU.ActiveCfg = Release|Any CPU
		{128C7CA1-68F4-4728-AE11-40448C978486}.Release|Any CPU.Build.0 = Release|Any CPU
		{128C7CA1-68F4-4728-AE11-40448C978486}.Release|Any CPU.Deploy.0 = Release|Any CPU
		{128C7CA1-68F4-4728-AE11-40448C978486}.Release|ARM.ActiveCfg = Release|Any CPU
		{128C7CA1-68F4-4728-AE11-40448C978486}.Release|ARM.Build.0 = Release|Any CPU
		{128C7CA1-68F4-4728-AE11-40448C978486}.Release|ARM.Deploy.0 = Release|Any CPU
		{128C7CA1-68F4-4728-AE11-40448C978486}.Release|iPhone.ActiveCfg = Release|Any CPU
		{128C7CA1-68F4-4728-AE11-40448C978486}.Release|iPhone.Build.0 = Release|Any CPU
		{128C7CA1-68F4-4728-AE11-40448C978486}.Release|iPhone.Deploy.0 = Release|Any CPU
		{128C7CA1-68F4-4728-AE11-40448C978486}.Release|iPhoneSimulator.ActiveCfg = Release|Any CPU
		{128C7CA1-68F4-4728-AE11-40448C978486}.Release|iPhoneSimulator.Build.0 = Release|Any CPU
		{128C7CA1-68F4-4728-AE11-40448C978486}.Release|iPhoneSimulator.Deploy.0 = Release|Any CPU
		{128C7CA1-68F4-4728-AE11-40448C978486}.Release|x64.ActiveCfg = Release|Any CPU
		{128C7CA1-68F4-4728-AE11-40448C978486}.Release|x64.Build.0 = Release|Any CPU
		{128C7CA1-68F4-4728-AE11-40448C978486}.Release|x64.Deploy.0 = Release|Any CPU
		{128C7CA1-68F4-4728-AE11-40448C978486}.Release|x86.ActiveCfg = Release|Any CPU
		{128C7CA1-68F4-4728-AE11-40448C978486}.Release|x86.Build.0 = Release|Any CPU
		{128C7CA1-68F4-4728-AE11-40448C978486}.Release|x86.Deploy.0 = Release|Any CPU
	EndGlobalSection
	GlobalSection(SolutionProperties) = preSolution
		HideSolutionNode = FALSE
	EndGlobalSection
	GlobalSection(ExtensibilityGlobals) = postSolution
		SolutionGuid = {AC6933C0-C71A-441F-B9E7-4D1694A8142A}
	EndGlobalSection
EndGlobal
